<?xml version="1.0" encoding="UTF-8"?>
<CodeBlocks_project_file>
	<FileVersion major="1" minor="6"/>
	<Project>
		<Option title="huffman_lib"/>
		<Option makefile_is_custom="1"/>
		<Option compiler="gcc"/>
		<Option virtualFolders="CMake Files\;CMake Files\lib\;CMake Files\lib\huffman-lib\;"/>
		<Build>
			<Target title="all">
				<Option working_dir="/Users/qjex/prj/cpp-course/huffman/lib/huffman-lib"/>
				<Option type="4"/>
				<MakeCommands>
					<Build command="/usr/bin/make -f &quot;/Users/qjex/prj/cpp-course/huffman/lib/huffman-lib/Makefile&quot;  VERBOSE=1 all"/>
					<CompileFile command="/usr/bin/make -f &quot;/Users/qjex/prj/cpp-course/huffman/lib/huffman-lib/Makefile&quot;  VERBOSE=1 &quot;$file&quot;"/>
					<Clean command="/usr/bin/make -f &quot;/Users/qjex/prj/cpp-course/huffman/lib/huffman-lib/Makefile&quot;  VERBOSE=1 clean"/>
					<DistClean command="/usr/bin/make -f &quot;/Users/qjex/prj/cpp-course/huffman/lib/huffman-lib/Makefile&quot;  VERBOSE=1 clean"/>
				</MakeCommands>
			</Target>
			<Target title="huffman_lib">
				<Option output="/Users/qjex/prj/cpp-course/huffman/lib/huffman-lib/libhuffman_lib.a" prefix_auto="0" extension_auto="0"/>
				<Option working_dir="/Users/qjex/prj/cpp-course/huffman/lib/huffman-lib"/>
				<Option object_output="./"/>
				<Option type="2"/>
				<Option compiler="gcc"/>
				<Compiler>
					<Add directory="/Users/qjex/prj/cpp-course/huffman/lib/huffman-lib/include"/>
					<Add directory="/Users/qjex/prj/cpp-course/huffman/lib"/>
				</Compiler>
				<MakeCommands>
					<Build command="/usr/bin/make -f &quot;/Users/qjex/prj/cpp-course/huffman/lib/huffman-lib/Makefile&quot;  VERBOSE=1 huffman_lib"/>
					<CompileFile command="/usr/bin/make -f &quot;/Users/qjex/prj/cpp-course/huffman/lib/huffman-lib/Makefile&quot;  VERBOSE=1 &quot;$file&quot;"/>
					<Clean command="/usr/bin/make -f &quot;/Users/qjex/prj/cpp-course/huffman/lib/huffman-lib/Makefile&quot;  VERBOSE=1 clean"/>
					<DistClean command="/usr/bin/make -f &quot;/Users/qjex/prj/cpp-course/huffman/lib/huffman-lib/Makefile&quot;  VERBOSE=1 clean"/>
				</MakeCommands>
			</Target>
			<Target title="huffman_lib/fast">
				<Option output="/Users/qjex/prj/cpp-course/huffman/lib/huffman-lib/libhuffman_lib.a" prefix_auto="0" extension_auto="0"/>
				<Option working_dir="/Users/qjex/prj/cpp-course/huffman/lib/huffman-lib"/>
				<Option object_output="./"/>
				<Option type="2"/>
				<Option compiler="gcc"/>
				<Compiler>
					<Add directory="/Users/qjex/prj/cpp-course/huffman/lib/huffman-lib/include"/>
					<Add directory="/Users/qjex/prj/cpp-course/huffman/lib"/>
				</Compiler>
				<MakeCommands>
					<Build command="/usr/bin/make -f &quot;/Users/qjex/prj/cpp-course/huffman/lib/huffman-lib/Makefile&quot;  VERBOSE=1 huffman_lib/fast"/>
					<CompileFile command="/usr/bin/make -f &quot;/Users/qjex/prj/cpp-course/huffman/lib/huffman-lib/Makefile&quot;  VERBOSE=1 &quot;$file&quot;"/>
					<Clean command="/usr/bin/make -f &quot;/Users/qjex/prj/cpp-course/huffman/lib/huffman-lib/Makefile&quot;  VERBOSE=1 clean"/>
					<DistClean command="/usr/bin/make -f &quot;/Users/qjex/prj/cpp-course/huffman/lib/huffman-lib/Makefile&quot;  VERBOSE=1 clean"/>
				</MakeCommands>
			</Target>
		</Build>
		<Unit filename="/Users/qjex/prj/cpp-course/huffman/lib/huffman-lib/decoder.cpp">
			<Option target="huffman_lib"/>
		</Unit>
		<Unit filename="/Users/qjex/prj/cpp-course/huffman/lib/huffman-lib/encoder.cpp">
			<Option target="huffman_lib"/>
		</Unit>
		<Unit filename="/Users/qjex/prj/cpp-course/huffman/lib/huffman-lib/frequency.cpp">
			<Option target="huffman_lib"/>
		</Unit>
		<Unit filename="/Users/qjex/prj/cpp-course/huffman/lib/huffman-lib/huffman.cpp">
			<Option target="huffman_lib"/>
		</Unit>
		<Unit filename="/Users/qjex/prj/cpp-course/huffman/lib/huffman-lib/huffman_code.cpp">
			<Option target="huffman_lib"/>
		</Unit>
		<Unit filename="/Users/qjex/prj/cpp-course/huffman/lib/huffman-lib/include/decoder.h">
			<Option target="huffman_lib"/>
		</Unit>
		<Unit filename="/Users/qjex/prj/cpp-course/huffman/lib/huffman-lib/include/encoder.h">
			<Option target="huffman_lib"/>
		</Unit>
		<Unit filename="/Users/qjex/prj/cpp-course/huffman/lib/huffman-lib/include/frequency.h">
			<Option target="huffman_lib"/>
		</Unit>
		<Unit filename="/Users/qjex/prj/cpp-course/huffman/lib/huffman-lib/include/huffman.h">
			<Option target="huffman_lib"/>
		</Unit>
		<Unit filename="/Users/qjex/prj/cpp-course/huffman/lib/huffman-lib/include/huffman_code.h">
			<Option target="huffman_lib"/>
		</Unit>
		<Unit filename="/Users/qjex/prj/cpp-course/huffman/lib/huffman-lib/include/tree.h">
			<Option target="huffman_lib"/>
		</Unit>
		<Unit filename="/Users/qjex/prj/cpp-course/huffman/lib/huffman-lib/tree.cpp">
			<Option target="huffman_lib"/>
		</Unit>
		<Unit filename="/Users/qjex/prj/cpp-course/huffman/CMakeLists.txt">
			<Option virtualFolder="CMake Files\"/>
		</Unit>
		<Unit filename="/Users/qjex/prj/cpp-course/huffman/lib/huffman-lib/CMakeLists.txt">
			<Option virtualFolder="CMake Files\lib\huffman-lib\"/>
		</Unit>
	</Project>
</CodeBlocks_project_file>
